
Microsoft Visual Studio Solution File, Format Version 12.00
# Visual Studio Version 17
VisualStudioVersion = 17.0.31903.59
MinimumVisualStudioVersion = 10.0.40219.1
Project("{FAE04EC0-301F-11D3-BF4B-00C04F79EFBC}") = "Web", "Web\Web.csproj", "{AD941D33-953B-4E9D-AFBF-1929235940BB}"
EndProject
Project("{FAE04EC0-301F-11D3-BF4B-00C04F79EFBC}") = "infrastructure", "infrastructure\infrastructure.csproj", "{B9B27417-1DBE-4361-94AE-F462F0B717CB}"
EndProject
Project("{FAE04EC0-301F-11D3-BF4B-00C04F79EFBC}") = "Domain", "Domain\Domain.csproj", "{00A2C5E8-DBB4-417A-8D10-828C2E5FC7D9}"
EndProject
Global
	GlobalSection(SolutionConfigurationPlatforms) = preSolution
		Debug|Any CPU = Debug|Any CPU
		Release|Any CPU = Release|Any CPU
	EndGlobalSection
	GlobalSection(SolutionProperties) = preSolution
		HideSolutionNode = FALSE
	EndGlobalSection
	GlobalSection(ProjectConfigurationPlatforms) = postSolution
		{AD941D33-953B-4E9D-AFBF-1929235940BB}.Debug|Any CPU.ActiveCfg = Debug|Any CPU
		{AD941D33-953B-4E9D-AFBF-1929235940BB}.Debug|Any CPU.Build.0 = Debug|Any CPU
		{AD941D33-953B-4E9D-AFBF-1929235940BB}.Release|Any CPU.ActiveCfg = Release|Any CPU
		{AD941D33-953B-4E9D-AFBF-1929235940BB}.Release|Any CPU.Build.0 = Release|Any CPU
		{B9B27417-1DBE-4361-94AE-F462F0B717CB}.Debug|Any CPU.ActiveCfg = Debug|Any CPU
		{B9B27417-1DBE-4361-94AE-F462F0B717CB}.Debug|Any CPU.Build.0 = Debug|Any CPU
		{B9B27417-1DBE-4361-94AE-F462F0B717CB}.Release|Any CPU.ActiveCfg = Release|Any CPU
		{B9B27417-1DBE-4361-94AE-F462F0B717CB}.Release|Any CPU.Build.0 = Release|Any CPU
		{00A2C5E8-DBB4-417A-8D10-828C2E5FC7D9}.Debug|Any CPU.ActiveCfg = Debug|Any CPU
		{00A2C5E8-DBB4-417A-8D10-828C2E5FC7D9}.Debug|Any CPU.Build.0 = Debug|Any CPU
		{00A2C5E8-DBB4-417A-8D10-828C2E5FC7D9}.Release|Any CPU.ActiveCfg = Release|Any CPU
		{00A2C5E8-DBB4-417A-8D10-828C2E5FC7D9}.Release|Any CPU.Build.0 = Release|Any CPU
	EndGlobalSection
EndGlobal
